
Microsoft Visual Studio Solution File, Format Version 12.00
# Visual Studio Version 17
VisualStudioVersion = 17.2.32616.157
MinimumVisualStudioVersion = 10.0.40219.1
Project("{FAE04EC0-301F-11D3-BF4B-00C04F79EFBC}") = "TareaCalculadora", "TareaCalculadora\TareaCalculadora.csproj", "{4BB5D98E-4635-4184-9917-0B598DF497EB}"
EndProject
Global
	GlobalSection(SolutionConfigurationPlatforms) = preSolution
		Debug|Any CPU = Debug|Any CPU
		Release|Any CPU = Release|Any CPU
	EndGlobalSection
	GlobalSection(ProjectConfigurationPlatforms) = postSolution
		{4BB5D98E-4635-4184-9917-0B598DF497EB}.Debug|Any CPU.ActiveCfg = Debug|Any CPU
		{4BB5D98E-4635-4184-9917-0B598DF497EB}.Debug|Any CPU.Build.0 = Debug|Any CPU
		{4BB5D98E-4635-4184-9917-0B598DF497EB}.Release|Any CPU.ActiveCfg = Release|Any CPU
		{4BB5D98E-4635-4184-9917-0B598DF497EB}.Release|Any CPU.Build.0 = Release|Any CPU
	EndGlobalSection
	GlobalSection(SolutionProperties) = preSolution
		HideSolutionNode = FALSE
	EndGlobalSection
	GlobalSection(ExtensibilityGlobals) = postSolution
		SolutionGuid = {826C0134-8B7A-48A0-B458-DE64699CF352}
	EndGlobalSection
EndGlobal
